
Microsoft Visual Studio Solution File, Format Version 12.00
# Visual Studio Version 17
VisualStudioVersion = 17.6.33723.286
MinimumVisualStudioVersion = 10.0.40219.1
Project("{9A19103F-16F7-4668-BE54-9A1E7A4F7556}") = "APIRestLab01", "APIRestLab01.csproj", "{BC531903-A094-4E14-9A5C-B5558D1DD68C}"
EndProject
Project("{9A19103F-16F7-4668-BE54-9A1E7A4F7556}") = "Contracts", "..\Contracts\Contracts.csproj", "{517637D2-D36F-484A-9D28-E0E64D6F6A1D}"
EndProject
Project("{9A19103F-16F7-4668-BE54-9A1E7A4F7556}") = "LoggerService", "..\LoggerService\LoggerService.csproj", "{A6466DE4-A53C-471C-97C7-847211077880}"
EndProject
Project("{9A19103F-16F7-4668-BE54-9A1E7A4F7556}") = "Entities", "..\Entities\Entities.csproj", "{5B2F6C93-1A8A-41D9-9069-B55B58A6281E}"
EndProject
Project("{9A19103F-16F7-4668-BE54-9A1E7A4F7556}") = "Repository", "..\Repository\Repository.csproj", "{49BAE099-AA12-4200-ABEB-7DA2A4E834EB}"
EndProject
Project("{9A19103F-16F7-4668-BE54-9A1E7A4F7556}") = "Service.Contracts", "..\Service.Contracts\Service.Contracts.csproj", "{8AA28446-0427-4A71-9D6C-33969612604A}"
EndProject
Project("{9A19103F-16F7-4668-BE54-9A1E7A4F7556}") = "Service", "..\Service\Service.csproj", "{0FF741F2-5088-44D8-9546-5DBF3450C8C5}"
EndProject
Project("{9A19103F-16F7-4668-BE54-9A1E7A4F7556}") = "CompanyEmployees.Presentation", "..\CompanyEmployees.Presentation\CompanyEmployees.Presentation.csproj", "{36FBD1CD-255F-45B7-AE80-3B545463FEC4}"
EndProject
Project("{9A19103F-16F7-4668-BE54-9A1E7A4F7556}") = "Shared", "..\Shared\Shared.csproj", "{31B6671B-B6B3-4AD2-AD7F-76414084F241}"
EndProject
Global
	GlobalSection(SolutionConfigurationPlatforms) = preSolution
		Debug|Any CPU = Debug|Any CPU
		Release|Any CPU = Release|Any CPU
	EndGlobalSection
	GlobalSection(ProjectConfigurationPlatforms) = postSolution
		{BC531903-A094-4E14-9A5C-B5558D1DD68C}.Debug|Any CPU.ActiveCfg = Debug|Any CPU
		{BC531903-A094-4E14-9A5C-B5558D1DD68C}.Debug|Any CPU.Build.0 = Debug|Any CPU
		{BC531903-A094-4E14-9A5C-B5558D1DD68C}.Release|Any CPU.ActiveCfg = Release|Any CPU
		{BC531903-A094-4E14-9A5C-B5558D1DD68C}.Release|Any CPU.Build.0 = Release|Any CPU
		{517637D2-D36F-484A-9D28-E0E64D6F6A1D}.Debug|Any CPU.ActiveCfg = Debug|Any CPU
		{517637D2-D36F-484A-9D28-E0E64D6F6A1D}.Debug|Any CPU.Build.0 = Debug|Any CPU
		{517637D2-D36F-484A-9D28-E0E64D6F6A1D}.Release|Any CPU.ActiveCfg = Release|Any CPU
		{517637D2-D36F-484A-9D28-E0E64D6F6A1D}.Release|Any CPU.Build.0 = Release|Any CPU
		{A6466DE4-A53C-471C-97C7-847211077880}.Debug|Any CPU.ActiveCfg = Debug|Any CPU
		{A6466DE4-A53C-471C-97C7-847211077880}.Debug|Any CPU.Build.0 = Debug|Any CPU
		{A6466DE4-A53C-471C-97C7-847211077880}.Release|Any CPU.ActiveCfg = Release|Any CPU
		{A6466DE4-A53C-471C-97C7-847211077880}.Release|Any CPU.Build.0 = Release|Any CPU
		{5B2F6C93-1A8A-41D9-9069-B55B58A6281E}.Debug|Any CPU.ActiveCfg = Debug|Any CPU
		{5B2F6C93-1A8A-41D9-9069-B55B58A6281E}.Debug|Any CPU.Build.0 = Debug|Any CPU
		{5B2F6C93-1A8A-41D9-9069-B55B58A6281E}.Release|Any CPU.ActiveCfg = Release|Any CPU
		{5B2F6C93-1A8A-41D9-9069-B55B58A6281E}.Release|Any CPU.Build.0 = Release|Any CPU
		{49BAE099-AA12-4200-ABEB-7DA2A4E834EB}.Debug|Any CPU.ActiveCfg = Debug|Any CPU
		{49BAE099-AA12-4200-ABEB-7DA2A4E834EB}.Debug|Any CPU.Build.0 = Debug|Any CPU
		{49BAE099-AA12-4200-ABEB-7DA2A4E834EB}.Release|Any CPU.ActiveCfg = Release|Any CPU
		{49BAE099-AA12-4200-ABEB-7DA2A4E834EB}.Release|Any CPU.Build.0 = Release|Any CPU
		{8AA28446-0427-4A71-9D6C-33969612604A}.Debug|Any CPU.ActiveCfg = Debug|Any CPU
		{8AA28446-0427-4A71-9D6C-33969612604A}.Debug|Any CPU.Build.0 = Debug|Any CPU
		{8AA28446-0427-4A71-9D6C-33969612604A}.Release|Any CPU.ActiveCfg = Release|Any CPU
		{8AA28446-0427-4A71-9D6C-33969612604A}.Release|Any CPU.Build.0 = Release|Any CPU
		{0FF741F2-5088-44D8-9546-5DBF3450C8C5}.Debug|Any CPU.ActiveCfg = Debug|Any CPU
		{0FF741F2-5088-44D8-9546-5DBF3450C8C5}.Debug|Any CPU.Build.0 = Debug|Any CPU
		{0FF741F2-5088-44D8-9546-5DBF3450C8C5}.Release|Any CPU.ActiveCfg = Release|Any CPU
		{0FF741F2-5088-44D8-9546-5DBF3450C8C5}.Release|Any CPU.Build.0 = Release|Any CPU
		{36FBD1CD-255F-45B7-AE80-3B545463FEC4}.Debug|Any CPU.ActiveCfg = Debug|Any CPU
		{36FBD1CD-255F-45B7-AE80-3B545463FEC4}.Debug|Any CPU.Build.0 = Debug|Any CPU
		{36FBD1CD-255F-45B7-AE80-3B545463FEC4}.Release|Any CPU.ActiveCfg = Release|Any CPU
		{36FBD1CD-255F-45B7-AE80-3B545463FEC4}.Release|Any CPU.Build.0 = Release|Any CPU
		{31B6671B-B6B3-4AD2-AD7F-76414084F241}.Debug|Any CPU.ActiveCfg = Debug|Any CPU
		{31B6671B-B6B3-4AD2-AD7F-76414084F241}.Debug|Any CPU.Build.0 = Debug|Any CPU
		{31B6671B-B6B3-4AD2-AD7F-76414084F241}.Release|Any CPU.ActiveCfg = Release|Any CPU
		{31B6671B-B6B3-4AD2-AD7F-76414084F241}.Release|Any CPU.Build.0 = Release|Any CPU
	EndGlobalSection
	GlobalSection(SolutionProperties) = preSolution
		HideSolutionNode = FALSE
	EndGlobalSection
	GlobalSection(ExtensibilityGlobals) = postSolution
		SolutionGuid = {C51BC57B-B0AF-40D7-A7AB-E1E5EC418768}
	EndGlobalSection
EndGlobal
